
Microsoft Visual Studio Solution File, Format Version 10.00
# Visual Studio 2008
Project("{FAE04EC0-301F-11D3-BF4B-00C04F79EFBC}") = "Vc4Test1", "Vc4Test1\Vc4Test1.csproj", "{94337FD3-0883-4159-9AF7-7E1B5AB7A9A6}"
EndProject
Global
	GlobalSection(SolutionConfigurationPlatforms) = preSolution
		Debug|Any CPU = Debug|Any CPU
		Release|Any CPU = Release|Any CPU
	EndGlobalSection
	GlobalSection(ProjectConfigurationPlatforms) = postSolution
		{94337FD3-0883-4159-9AF7-7E1B5AB7A9A6}.Debug|Any CPU.ActiveCfg = Debug|Any CPU
		{94337FD3-0883-4159-9AF7-7E1B5AB7A9A6}.Debug|Any CPU.Build.0 = Debug|Any CPU
		{94337FD3-0883-4159-9AF7-7E1B5AB7A9A6}.Release|Any CPU.ActiveCfg = Release|Any CPU
		{94337FD3-0883-4159-9AF7-7E1B5AB7A9A6}.Release|Any CPU.Build.0 = Release|Any CPU
	EndGlobalSection
	GlobalSection(SolutionProperties) = preSolution
		HideSolutionNode = FALSE
	EndGlobalSection
EndGlobal
